
Microsoft Visual Studio Solution File, Format Version 10.00
# Visual Studio 2008
Project("{FAE04EC0-301F-11D3-BF4B-00C04F79EFBC}") = "NotifierService", "NotifierService\NotifierService.csproj", "{9B1048D0-CE50-4AAE-B8F9-C2B4155B6D55}"
EndProject
Project("{FAE04EC0-301F-11D3-BF4B-00C04F79EFBC}") = "NotifierHost", "NotifierHost\NotifierHost.csproj", "{B8E7DE73-76C9-4980-AF54-A8CCE10759DE}"
EndProject
Project("{FAE04EC0-301F-11D3-BF4B-00C04F79EFBC}") = "NotifierWindowsService", "NotifierwindowsService\NotifierWindowsService.csproj", "{043B2449-F5C0-42D2-B72B-E68D348BDC78}"
EndProject
Project("{54435603-DBB4-11D2-8724-00A0C9A8B90C}") = "SetupNotifierService", "SetupNotifierService\SetupNotifierService.vdproj", "{07E1613B-488B-4130-9E69-364937AA2B04}"
EndProject
Project("{2150E333-8FDC-42A3-9474-1A3956D46DE8}") = "Lib", "Lib", "{E15CF660-B438-4CE6-A201-6FD54CB68D81}"
	ProjectSection(SolutionItems) = preProject
		lib\Sp5.Msm = lib\Sp5.Msm
		lib\Sp5Intl.Msm = lib\Sp5Intl.Msm
		lib\Sp5TTIntXP.Msm = lib\Sp5TTIntXP.Msm
	EndProjectSection
EndProject
Global
	GlobalSection(SolutionConfigurationPlatforms) = preSolution
		Debug|Any CPU = Debug|Any CPU
		Release|Any CPU = Release|Any CPU
	EndGlobalSection
	GlobalSection(ProjectConfigurationPlatforms) = postSolution
		{9B1048D0-CE50-4AAE-B8F9-C2B4155B6D55}.Debug|Any CPU.ActiveCfg = Debug|Any CPU
		{9B1048D0-CE50-4AAE-B8F9-C2B4155B6D55}.Debug|Any CPU.Build.0 = Debug|Any CPU
		{9B1048D0-CE50-4AAE-B8F9-C2B4155B6D55}.Release|Any CPU.ActiveCfg = Release|Any CPU
		{9B1048D0-CE50-4AAE-B8F9-C2B4155B6D55}.Release|Any CPU.Build.0 = Release|Any CPU
		{B8E7DE73-76C9-4980-AF54-A8CCE10759DE}.Debug|Any CPU.ActiveCfg = Debug|Any CPU
		{B8E7DE73-76C9-4980-AF54-A8CCE10759DE}.Debug|Any CPU.Build.0 = Debug|Any CPU
		{B8E7DE73-76C9-4980-AF54-A8CCE10759DE}.Release|Any CPU.ActiveCfg = Release|Any CPU
		{B8E7DE73-76C9-4980-AF54-A8CCE10759DE}.Release|Any CPU.Build.0 = Release|Any CPU
		{043B2449-F5C0-42D2-B72B-E68D348BDC78}.Debug|Any CPU.ActiveCfg = Debug|Any CPU
		{043B2449-F5C0-42D2-B72B-E68D348BDC78}.Debug|Any CPU.Build.0 = Debug|Any CPU
		{043B2449-F5C0-42D2-B72B-E68D348BDC78}.Release|Any CPU.ActiveCfg = Release|Any CPU
		{043B2449-F5C0-42D2-B72B-E68D348BDC78}.Release|Any CPU.Build.0 = Release|Any CPU
		{07E1613B-488B-4130-9E69-364937AA2B04}.Debug|Any CPU.ActiveCfg = Debug
		{07E1613B-488B-4130-9E69-364937AA2B04}.Release|Any CPU.ActiveCfg = Release
		{07E1613B-488B-4130-9E69-364937AA2B04}.Release|Any CPU.Build.0 = Release
	EndGlobalSection
	GlobalSection(SolutionProperties) = preSolution
		HideSolutionNode = FALSE
	EndGlobalSection
EndGlobal
